
Microsoft Visual Studio Solution File, Format Version 12.00
# Visual Studio Version 17
VisualStudioVersion = 17.5.2.0
MinimumVisualStudioVersion = 10.0.40219.1
Project("{FAE04EC0-301F-11D3-BF4B-00C04F79EFBC}") = "GigaChatPostGenerator", "GigaChatPostGenerator\GigaChatPostGenerator.csproj", "{11CEDF31-DE21-7BDE-95E5-FE645B792ACB}"
EndProject
Project("{FAE04EC0-301F-11D3-BF4B-00C04F79EFBC}") = "TelegramPoster", "TelegramPoster\TelegramPoster.csproj", "{6454DC78-2FBA-410B-B32F-E8745916DD9F}"
EndProject
Project("{FAE04EC0-301F-11D3-BF4B-00C04F79EFBC}") = "TelegramBotService", "TelegramBotService\TelegramBotService.csproj", "{CCAC9616-30D6-FFD2-2510-9AECAB790A0F}"
EndProject
Global
	GlobalSection(SolutionConfigurationPlatforms) = preSolution
		Debug|Any CPU = Debug|Any CPU
		Debug|x64 = Debug|x64
		Debug|x86 = Debug|x86
		Release|Any CPU = Release|Any CPU
		Release|x64 = Release|x64
		Release|x86 = Release|x86
	EndGlobalSection
	GlobalSection(ProjectConfigurationPlatforms) = postSolution
		{11CEDF31-DE21-7BDE-95E5-FE645B792ACB}.Debug|Any CPU.ActiveCfg = Debug|Any CPU
		{11CEDF31-DE21-7BDE-95E5-FE645B792ACB}.Debug|Any CPU.Build.0 = Debug|Any CPU
		{11CEDF31-DE21-7BDE-95E5-FE645B792ACB}.Debug|x64.ActiveCfg = Debug|Any CPU
		{11CEDF31-DE21-7BDE-95E5-FE645B792ACB}.Debug|x64.Build.0 = Debug|Any CPU
		{11CEDF31-DE21-7BDE-95E5-FE645B792ACB}.Debug|x86.ActiveCfg = Debug|Any CPU
		{11CEDF31-DE21-7BDE-95E5-FE645B792ACB}.Debug|x86.Build.0 = Debug|Any CPU
		{11CEDF31-DE21-7BDE-95E5-FE645B792ACB}.Release|Any CPU.ActiveCfg = Release|Any CPU
		{11CEDF31-DE21-7BDE-95E5-FE645B792ACB}.Release|Any CPU.Build.0 = Release|Any CPU
		{11CEDF31-DE21-7BDE-95E5-FE645B792ACB}.Release|x64.ActiveCfg = Release|Any CPU
		{11CEDF31-DE21-7BDE-95E5-FE645B792ACB}.Release|x64.Build.0 = Release|Any CPU
		{11CEDF31-DE21-7BDE-95E5-FE645B792ACB}.Release|x86.ActiveCfg = Release|Any CPU
		{11CEDF31-DE21-7BDE-95E5-FE645B792ACB}.Release|x86.Build.0 = Release|Any CPU
		{6454DC78-2FBA-410B-B32F-E8745916DD9F}.Debug|Any CPU.ActiveCfg = Debug|Any CPU
		{6454DC78-2FBA-410B-B32F-E8745916DD9F}.Debug|Any CPU.Build.0 = Debug|Any CPU
		{6454DC78-2FBA-410B-B32F-E8745916DD9F}.Debug|x64.ActiveCfg = Debug|Any CPU
		{6454DC78-2FBA-410B-B32F-E8745916DD9F}.Debug|x64.Build.0 = Debug|Any CPU
		{6454DC78-2FBA-410B-B32F-E8745916DD9F}.Debug|x86.ActiveCfg = Debug|Any CPU
		{6454DC78-2FBA-410B-B32F-E8745916DD9F}.Debug|x86.Build.0 = Debug|Any CPU
		{6454DC78-2FBA-410B-B32F-E8745916DD9F}.Release|Any CPU.ActiveCfg = Release|Any CPU
		{6454DC78-2FBA-410B-B32F-E8745916DD9F}.Release|Any CPU.Build.0 = Release|Any CPU
		{6454DC78-2FBA-410B-B32F-E8745916DD9F}.Release|x64.ActiveCfg = Release|Any CPU
		{6454DC78-2FBA-410B-B32F-E8745916DD9F}.Release|x64.Build.0 = Release|Any CPU
		{6454DC78-2FBA-410B-B32F-E8745916DD9F}.Release|x86.ActiveCfg = Release|Any CPU
		{6454DC78-2FBA-410B-B32F-E8745916DD9F}.Release|x86.Build.0 = Release|Any CPU
		{CCAC9616-30D6-FFD2-2510-9AECAB790A0F}.Debug|Any CPU.ActiveCfg = Debug|Any CPU
		{CCAC9616-30D6-FFD2-2510-9AECAB790A0F}.Debug|Any CPU.Build.0 = Debug|Any CPU
		{CCAC9616-30D6-FFD2-2510-9AECAB790A0F}.Debug|x64.ActiveCfg = Debug|Any CPU
		{CCAC9616-30D6-FFD2-2510-9AECAB790A0F}.Debug|x64.Build.0 = Debug|Any CPU
		{CCAC9616-30D6-FFD2-2510-9AECAB790A0F}.Debug|x86.ActiveCfg = Debug|Any CPU
		{CCAC9616-30D6-FFD2-2510-9AECAB790A0F}.Debug|x86.Build.0 = Debug|Any CPU
		{CCAC9616-30D6-FFD2-2510-9AECAB790A0F}.Release|Any CPU.ActiveCfg = Release|Any CPU
		{CCAC9616-30D6-FFD2-2510-9AECAB790A0F}.Release|Any CPU.Build.0 = Release|Any CPU
		{CCAC9616-30D6-FFD2-2510-9AECAB790A0F}.Release|x64.ActiveCfg = Release|Any CPU
		{CCAC9616-30D6-FFD2-2510-9AECAB790A0F}.Release|x64.Build.0 = Release|Any CPU
		{CCAC9616-30D6-FFD2-2510-9AECAB790A0F}.Release|x86.ActiveCfg = Release|Any CPU
		{CCAC9616-30D6-FFD2-2510-9AECAB790A0F}.Release|x86.Build.0 = Release|Any CPU
	EndGlobalSection
	GlobalSection(SolutionProperties) = preSolution
		HideSolutionNode = FALSE
	EndGlobalSection
	GlobalSection(ExtensibilityGlobals) = postSolution
		SolutionGuid = {9E6A25FB-EE0E-4912-9E6B-05F333E987F2}
	EndGlobalSection
EndGlobal
